
Microsoft Visual Studio Solution File, Format Version 12.00
# Visual Studio 2012
Project("{FAE04EC0-301F-11D3-BF4B-00C04F79EFBC}") = "LogReporter", "LogReporter.csproj", "{C8C33DD0-D8BE-4254-BDA7-0CBD6F1BE1BE}"
EndProject
Global
	GlobalSection(SolutionConfigurationPlatforms) = preSolution
		Debug|Any CPU = Debug|Any CPU
		Release|Any CPU = Release|Any CPU
	EndGlobalSection
	GlobalSection(ProjectConfigurationPlatforms) = postSolution
		{C8C33DD0-D8BE-4254-BDA7-0CBD6F1BE1BE}.Debug|Any CPU.ActiveCfg = Debug|Any CPU
		{C8C33DD0-D8BE-4254-BDA7-0CBD6F1BE1BE}.Debug|Any CPU.Build.0 = Debug|Any CPU
		{C8C33DD0-D8BE-4254-BDA7-0CBD6F1BE1BE}.Release|Any CPU.ActiveCfg = Release|Any CPU
		{C8C33DD0-D8BE-4254-BDA7-0CBD6F1BE1BE}.Release|Any CPU.Build.0 = Release|Any CPU
	EndGlobalSection
	GlobalSection(SolutionProperties) = preSolution
		HideSolutionNode = FALSE
	EndGlobalSection
EndGlobal
